
Microsoft Visual Studio Solution File, Format Version 12.00
# Visual Studio Version 17
VisualStudioVersion = 17.7.34018.315
MinimumVisualStudioVersion = 10.0.40219.1
Project("{9A19103F-16F7-4668-BE54-9A1E7A4F7556}") = "Singleton", "Singleton\Singleton.csproj", "{B73C359F-A90E-4B3F-BF25-108446F4885A}"
EndProject
Project("{9A19103F-16F7-4668-BE54-9A1E7A4F7556}") = "TestApi", "TestApi\TestApi.csproj", "{EB1DD004-A427-40AB-B4EC-2710A96CAAF0}"
EndProject
Project("{FAE04EC0-301F-11D3-BF4B-00C04F79EFBC}") = "Strategy", "Strategy\Strategy.csproj", "{E4E6C64F-F7A2-45B7-8A4B-08C207D6E80E}"
EndProject
Global
	GlobalSection(SolutionConfigurationPlatforms) = preSolution
		Debug|Any CPU = Debug|Any CPU
		Release|Any CPU = Release|Any CPU
	EndGlobalSection
	GlobalSection(ProjectConfigurationPlatforms) = postSolution
		{B73C359F-A90E-4B3F-BF25-108446F4885A}.Debug|Any CPU.ActiveCfg = Debug|Any CPU
		{B73C359F-A90E-4B3F-BF25-108446F4885A}.Debug|Any CPU.Build.0 = Debug|Any CPU
		{B73C359F-A90E-4B3F-BF25-108446F4885A}.Release|Any CPU.ActiveCfg = Release|Any CPU
		{B73C359F-A90E-4B3F-BF25-108446F4885A}.Release|Any CPU.Build.0 = Release|Any CPU
		{EB1DD004-A427-40AB-B4EC-2710A96CAAF0}.Debug|Any CPU.ActiveCfg = Debug|Any CPU
		{EB1DD004-A427-40AB-B4EC-2710A96CAAF0}.Debug|Any CPU.Build.0 = Debug|Any CPU
		{EB1DD004-A427-40AB-B4EC-2710A96CAAF0}.Release|Any CPU.ActiveCfg = Release|Any CPU
		{EB1DD004-A427-40AB-B4EC-2710A96CAAF0}.Release|Any CPU.Build.0 = Release|Any CPU
		{E4E6C64F-F7A2-45B7-8A4B-08C207D6E80E}.Debug|Any CPU.ActiveCfg = Debug|Any CPU
		{E4E6C64F-F7A2-45B7-8A4B-08C207D6E80E}.Debug|Any CPU.Build.0 = Debug|Any CPU
		{E4E6C64F-F7A2-45B7-8A4B-08C207D6E80E}.Release|Any CPU.ActiveCfg = Release|Any CPU
		{E4E6C64F-F7A2-45B7-8A4B-08C207D6E80E}.Release|Any CPU.Build.0 = Release|Any CPU
	EndGlobalSection
	GlobalSection(SolutionProperties) = preSolution
		HideSolutionNode = FALSE
	EndGlobalSection
	GlobalSection(ExtensibilityGlobals) = postSolution
		SolutionGuid = {6231AA63-9809-4B00-9280-B59B9D767ECD}
	EndGlobalSection
EndGlobal
